
Microsoft Visual Studio Solution File, Format Version 12.00
# Visual Studio 15
VisualStudioVersion = 15.0.28307.421
MinimumVisualStudioVersion = 10.0.40219.1
Project("{FAE04EC0-301F-11D3-BF4B-00C04F79EFBC}") = "RoutePlanner", "RoutePlanner\RoutePlanner.csproj", "{0A0A38D1-794A-41B4-A3AC-52F6BAF7C763}"
EndProject
Global
	GlobalSection(SolutionConfigurationPlatforms) = preSolution
		Debug|Any CPU = Debug|Any CPU
		Release|Any CPU = Release|Any CPU
	EndGlobalSection
	GlobalSection(ProjectConfigurationPlatforms) = postSolution
		{0A0A38D1-794A-41B4-A3AC-52F6BAF7C763}.Debug|Any CPU.ActiveCfg = Debug|Any CPU
		{0A0A38D1-794A-41B4-A3AC-52F6BAF7C763}.Debug|Any CPU.Build.0 = Debug|Any CPU
		{0A0A38D1-794A-41B4-A3AC-52F6BAF7C763}.Release|Any CPU.ActiveCfg = Release|Any CPU
		{0A0A38D1-794A-41B4-A3AC-52F6BAF7C763}.Release|Any CPU.Build.0 = Release|Any CPU
	EndGlobalSection
	GlobalSection(SolutionProperties) = preSolution
		HideSolutionNode = FALSE
	EndGlobalSection
	GlobalSection(ExtensibilityGlobals) = postSolution
		SolutionGuid = {6DC5A2CA-ACEF-4B66-84F1-69DB5CF32349}
	EndGlobalSection
EndGlobal
